
Microsoft Visual Studio Solution File, Format Version 12.00
# Visual Studio Version 17
VisualStudioVersion = 17.6.33829.357
MinimumVisualStudioVersion = 10.0.40219.1
Project("{FAE04EC0-301F-11D3-BF4B-00C04F79EFBC}") = "StaticList", "StaticList\StaticList.csproj", "{B0CD635D-AD36-447E-9540-A9A91B367F70}"
EndProject
Global
	GlobalSection(SolutionConfigurationPlatforms) = preSolution
		Debug|Any CPU = Debug|Any CPU
		Release|Any CPU = Release|Any CPU
	EndGlobalSection
	GlobalSection(ProjectConfigurationPlatforms) = postSolution
		{B0CD635D-AD36-447E-9540-A9A91B367F70}.Debug|Any CPU.ActiveCfg = Debug|Any CPU
		{B0CD635D-AD36-447E-9540-A9A91B367F70}.Debug|Any CPU.Build.0 = Debug|Any CPU
		{B0CD635D-AD36-447E-9540-A9A91B367F70}.Release|Any CPU.ActiveCfg = Release|Any CPU
		{B0CD635D-AD36-447E-9540-A9A91B367F70}.Release|Any CPU.Build.0 = Release|Any CPU
	EndGlobalSection
	GlobalSection(SolutionProperties) = preSolution
		HideSolutionNode = FALSE
	EndGlobalSection
	GlobalSection(ExtensibilityGlobals) = postSolution
		SolutionGuid = {5830902D-46B7-4E7B-851B-04981997D711}
	EndGlobalSection
EndGlobal
